
Microsoft Visual Studio Solution File, Format Version 12.00
# Visual Studio Version 17
VisualStudioVersion = 17.9.34728.123
MinimumVisualStudioVersion = 10.0.40219.1
Project("{FAE04EC0-301F-11D3-BF4B-00C04F79EFBC}") = "ejercicio_4_4", "ejercicio_4_4\ejercicio_4_4.csproj", "{291D6A15-DFD4-406D-B69C-E8D3E07E41B2}"
EndProject
Project("{FAE04EC0-301F-11D3-BF4B-00C04F79EFBC}") = "Biblioteca", "Producto\Biblioteca.csproj", "{A5ACCDDF-1FB0-429E-962D-BBBDE1E9738C}"
EndProject
Global
	GlobalSection(SolutionConfigurationPlatforms) = preSolution
		Debug|Any CPU = Debug|Any CPU
		Release|Any CPU = Release|Any CPU
	EndGlobalSection
	GlobalSection(ProjectConfigurationPlatforms) = postSolution
		{291D6A15-DFD4-406D-B69C-E8D3E07E41B2}.Debug|Any CPU.ActiveCfg = Debug|Any CPU
		{291D6A15-DFD4-406D-B69C-E8D3E07E41B2}.Debug|Any CPU.Build.0 = Debug|Any CPU
		{291D6A15-DFD4-406D-B69C-E8D3E07E41B2}.Release|Any CPU.ActiveCfg = Release|Any CPU
		{291D6A15-DFD4-406D-B69C-E8D3E07E41B2}.Release|Any CPU.Build.0 = Release|Any CPU
		{A5ACCDDF-1FB0-429E-962D-BBBDE1E9738C}.Debug|Any CPU.ActiveCfg = Debug|Any CPU
		{A5ACCDDF-1FB0-429E-962D-BBBDE1E9738C}.Debug|Any CPU.Build.0 = Debug|Any CPU
		{A5ACCDDF-1FB0-429E-962D-BBBDE1E9738C}.Release|Any CPU.ActiveCfg = Release|Any CPU
		{A5ACCDDF-1FB0-429E-962D-BBBDE1E9738C}.Release|Any CPU.Build.0 = Release|Any CPU
	EndGlobalSection
	GlobalSection(SolutionProperties) = preSolution
		HideSolutionNode = FALSE
	EndGlobalSection
	GlobalSection(ExtensibilityGlobals) = postSolution
		SolutionGuid = {C83C5E76-DC47-4FE4-BD22-712C0D536369}
	EndGlobalSection
EndGlobal
