
Microsoft Visual Studio Solution File, Format Version 12.00
# Visual Studio Version 17
VisualStudioVersion = 17.9.34728.123
MinimumVisualStudioVersion = 10.0.40219.1
Project("{FAE04EC0-301F-11D3-BF4B-00C04F79EFBC}") = "ConsoleApp1", "ConsoleApp1\ConsoleApp1.csproj", "{03F4D0B4-64FF-4FFA-9E49-D832436D5C73}"
EndProject
Project("{FAE04EC0-301F-11D3-BF4B-00C04F79EFBC}") = "concesionaria", "concesionaria\concesionaria.csproj", "{6C309735-6F03-4745-ACE1-D578910BCB34}"
EndProject
Global
	GlobalSection(SolutionConfigurationPlatforms) = preSolution
		Debug|Any CPU = Debug|Any CPU
		Release|Any CPU = Release|Any CPU
	EndGlobalSection
	GlobalSection(ProjectConfigurationPlatforms) = postSolution
		{03F4D0B4-64FF-4FFA-9E49-D832436D5C73}.Debug|Any CPU.ActiveCfg = Debug|Any CPU
		{03F4D0B4-64FF-4FFA-9E49-D832436D5C73}.Debug|Any CPU.Build.0 = Debug|Any CPU
		{03F4D0B4-64FF-4FFA-9E49-D832436D5C73}.Release|Any CPU.ActiveCfg = Release|Any CPU
		{03F4D0B4-64FF-4FFA-9E49-D832436D5C73}.Release|Any CPU.Build.0 = Release|Any CPU
		{6C309735-6F03-4745-ACE1-D578910BCB34}.Debug|Any CPU.ActiveCfg = Debug|Any CPU
		{6C309735-6F03-4745-ACE1-D578910BCB34}.Debug|Any CPU.Build.0 = Debug|Any CPU
		{6C309735-6F03-4745-ACE1-D578910BCB34}.Release|Any CPU.ActiveCfg = Release|Any CPU
		{6C309735-6F03-4745-ACE1-D578910BCB34}.Release|Any CPU.Build.0 = Release|Any CPU
	EndGlobalSection
	GlobalSection(SolutionProperties) = preSolution
		HideSolutionNode = FALSE
	EndGlobalSection
	GlobalSection(ExtensibilityGlobals) = postSolution
		SolutionGuid = {771595EA-79EC-447A-8C30-101E360A50AB}
	EndGlobalSection
EndGlobal
