
Microsoft Visual Studio Solution File, Format Version 12.00
# Visual Studio Version 17
VisualStudioVersion = 17.9.34723.18
MinimumVisualStudioVersion = 10.0.40219.1
Project("{9A19103F-16F7-4668-BE54-9A1E7A4F7556}") = "ejerci_1_3", "ejerci_1_3.csproj", "{C3E4DDD2-838F-46A1-873D-989C0CA9792B}"
EndProject
Global
	GlobalSection(SolutionConfigurationPlatforms) = preSolution
		Debug|Any CPU = Debug|Any CPU
		Release|Any CPU = Release|Any CPU
	EndGlobalSection
	GlobalSection(ProjectConfigurationPlatforms) = postSolution
		{C3E4DDD2-838F-46A1-873D-989C0CA9792B}.Debug|Any CPU.ActiveCfg = Debug|Any CPU
		{C3E4DDD2-838F-46A1-873D-989C0CA9792B}.Debug|Any CPU.Build.0 = Debug|Any CPU
		{C3E4DDD2-838F-46A1-873D-989C0CA9792B}.Release|Any CPU.ActiveCfg = Release|Any CPU
		{C3E4DDD2-838F-46A1-873D-989C0CA9792B}.Release|Any CPU.Build.0 = Release|Any CPU
	EndGlobalSection
	GlobalSection(SolutionProperties) = preSolution
		HideSolutionNode = FALSE
	EndGlobalSection
	GlobalSection(ExtensibilityGlobals) = postSolution
		SolutionGuid = {9FDE9323-1405-418E-B5F6-C9677211CBD7}
	EndGlobalSection
EndGlobal
